{
  "version": 4,
  "terraform_version": "1.0.2",
  "serial": 1,
  "lineage": "a491439b-c678-4911-9457-9b7a57c337d6",
  "outputs": {},
  "resources": [
    {
      "mode": "managed",
      "type": "aws_vpc",
      "name": "main",
      "provider": "provider[\"registry.terraform.io/hashicorp/aws\"]",
      "instances": [
        {
          "schema_version": 1,
          "attributes": {
            "arn": "arn:aws:ec2:ap-south-1:422021712587:vpc/vpc-0bf24ee27119b2342",
            "assign_generated_ipv6_cidr_block": false,
            "cidr_block": "10.0.0.0/16",
            "default_network_acl_id": "acl-01da836c2ff11a404",
            "default_route_table_id": "rtb-0e9c9a753154cf318",
            "default_security_group_id": "sg-0c850238ac23c9514",
            "dhcp_options_id": "dopt-3ee84455",
            "enable_classiclink": null,
            "enable_classiclink_dns_support": null,
            "enable_dns_hostnames": false,
            "enable_dns_support": true,
            "id": "vpc-0bf24ee27119b2342",
            "instance_tenancy": "default",
            "ipv6_association_id": "",
            "ipv6_cidr_block": "",
            "main_route_table_id": "rtb-0e9c9a753154cf318",
            "owner_id": "422021712587",
            "tags": {
              "Department": "HR",
              "Location": "Bangalore",
              "Name": "main"
            },
            "tags_all": {
              "Department": "HR",
              "Location": "Bangalore",
              "Name": "main"
            }
          },
          "sensitive_attributes": [],
          "private": "eyJzY2hlbWFfdmVyc2lvbiI6IjEifQ=="
        }
      ]
    }
  ]
}
